
Microsoft Visual Studio Solution File, Format Version 12.00
# Visual Studio Version 16
VisualStudioVersion = 16.0.34931.43
MinimumVisualStudioVersion = 10.0.40219.1
Project("{FAE04EC0-301F-11D3-BF4B-00C04F79EFBC}") = "ConsoleApp34", "ConsoleApp34.csproj", "{90B8F44C-3738-41E8-977C-F15B6D55B32E}"
EndProject
Global
	GlobalSection(SolutionConfigurationPlatforms) = preSolution
		Debug|Any CPU = Debug|Any CPU
		Release|Any CPU = Release|Any CPU
	EndGlobalSection
	GlobalSection(ProjectConfigurationPlatforms) = postSolution
		{90B8F44C-3738-41E8-977C-F15B6D55B32E}.Debug|Any CPU.ActiveCfg = Debug|Any CPU
		{90B8F44C-3738-41E8-977C-F15B6D55B32E}.Debug|Any CPU.Build.0 = Debug|Any CPU
		{90B8F44C-3738-41E8-977C-F15B6D55B32E}.Release|Any CPU.ActiveCfg = Release|Any CPU
		{90B8F44C-3738-41E8-977C-F15B6D55B32E}.Release|Any CPU.Build.0 = Release|Any CPU
	EndGlobalSection
	GlobalSection(SolutionProperties) = preSolution
		HideSolutionNode = FALSE
	EndGlobalSection
	GlobalSection(ExtensibilityGlobals) = postSolution
		SolutionGuid = {F7934690-B8A1-4FEE-82A5-617C8397C394}
	EndGlobalSection
EndGlobal
